
Microsoft Visual Studio Solution File, Format Version 12.00
# Visual Studio Version 17
VisualStudioVersion = 17.2.32630.192
MinimumVisualStudioVersion = 10.0.40219.1
Project("{F184B08F-C81C-45F6-A57F-5ABD9991F28F}") = "3CX Phone Desktop Settings Integrator", "3CX Phone Desktop Settings Integrator.vbproj", "{3F5FEDA0-E00E-47E4-9DA5-A0CE872F61AE}"
EndProject
Global
	GlobalSection(SolutionConfigurationPlatforms) = preSolution
		Debug|Any CPU = Debug|Any CPU
		Release|Any CPU = Release|Any CPU
	EndGlobalSection
	GlobalSection(ProjectConfigurationPlatforms) = postSolution
		{3F5FEDA0-E00E-47E4-9DA5-A0CE872F61AE}.Debug|Any CPU.ActiveCfg = Debug|Any CPU
		{3F5FEDA0-E00E-47E4-9DA5-A0CE872F61AE}.Debug|Any CPU.Build.0 = Debug|Any CPU
		{3F5FEDA0-E00E-47E4-9DA5-A0CE872F61AE}.Release|Any CPU.ActiveCfg = Release|Any CPU
		{3F5FEDA0-E00E-47E4-9DA5-A0CE872F61AE}.Release|Any CPU.Build.0 = Release|Any CPU
	EndGlobalSection
	GlobalSection(SolutionProperties) = preSolution
		HideSolutionNode = FALSE
	EndGlobalSection
	GlobalSection(ExtensibilityGlobals) = postSolution
		SolutionGuid = {2F633F0E-4C0B-4AB9-A248-83D96E451A9B}
	EndGlobalSection
EndGlobal
